
Microsoft Visual Studio Solution File, Format Version 12.00
# Visual Studio Version 17
VisualStudioVersion = 17.5.002.0
MinimumVisualStudioVersion = 10.0.40219.1
Project("{2150E333-8FDC-42A3-9474-1A3956D46DE8}") = "Back", "Back", "{FAACA0C2-C0C7-4868-8DF1-A6D7258FCC23}"
EndProject
Project("{2150E333-8FDC-42A3-9474-1A3956D46DE8}") = "src", "src", "{77E5681C-6B01-41D2-A9BA-2D06D71C9BDD}"
EndProject
Project("{9A19103F-16F7-4668-BE54-9A1E7A4F7556}") = "ProEventos.API", "Back\src\ProEventos.API\ProEventos.API.csproj", "{4661933C-1BA8-488C-A0D4-EEC12F3A6523}"
EndProject
Global
	GlobalSection(SolutionConfigurationPlatforms) = preSolution
		Debug|Any CPU = Debug|Any CPU
		Release|Any CPU = Release|Any CPU
	EndGlobalSection
	GlobalSection(ProjectConfigurationPlatforms) = postSolution
		{4661933C-1BA8-488C-A0D4-EEC12F3A6523}.Debug|Any CPU.ActiveCfg = Debug|Any CPU
		{4661933C-1BA8-488C-A0D4-EEC12F3A6523}.Debug|Any CPU.Build.0 = Debug|Any CPU
		{4661933C-1BA8-488C-A0D4-EEC12F3A6523}.Release|Any CPU.ActiveCfg = Release|Any CPU
		{4661933C-1BA8-488C-A0D4-EEC12F3A6523}.Release|Any CPU.Build.0 = Release|Any CPU
	EndGlobalSection
	GlobalSection(SolutionProperties) = preSolution
		HideSolutionNode = FALSE
	EndGlobalSection
	GlobalSection(NestedProjects) = preSolution
		{77E5681C-6B01-41D2-A9BA-2D06D71C9BDD} = {FAACA0C2-C0C7-4868-8DF1-A6D7258FCC23}
		{4661933C-1BA8-488C-A0D4-EEC12F3A6523} = {77E5681C-6B01-41D2-A9BA-2D06D71C9BDD}
	EndGlobalSection
	GlobalSection(ExtensibilityGlobals) = postSolution
		SolutionGuid = {9C2040C9-09AD-4EF6-A4F1-DE09FBE9207D}
	EndGlobalSection
EndGlobal
